
Microsoft Visual Studio Solution File, Format Version 12.00
# Visual Studio 14
VisualStudioVersion = 14.0.24720.0
MinimumVisualStudioVersion = 10.0.40219.1
Project("{F2A71F9B-5D33-465A-A702-920D77279786}") = "PokerConsole", "PokerConsole\PokerConsole.fsproj", "{281918A1-713F-4931-8F0B-7557B4CA8534}"
EndProject
Project("{FAE04EC0-301F-11D3-BF4B-00C04F79EFBC}") = "Watcher", "Watcher\Watcher.csproj", "{6661717B-C102-41D7-96B9-F691DF74FB3A}"
EndProject
Project("{FAE04EC0-301F-11D3-BF4B-00C04F79EFBC}") = "Interaction", "Interaction\Interaction.csproj", "{E9F14821-12CC-409D-97C3-CA8062EBB085}"
EndProject
Project("{F2A71F9B-5D33-465A-A702-920D77279786}") = "Recognition", "Recognition\Recognition.fsproj", "{B796289F-B004-4AB1-90FF-794BCF13BB07}"
EndProject
Project("{F2A71F9B-5D33-465A-A702-920D77279786}") = "Learner", "Learner\Learner.fsproj", "{7651FF09-E4B2-4C7E-9008-6092EC5DFA76}"
EndProject
Project("{F2A71F9B-5D33-465A-A702-920D77279786}") = "Player", "Player\Player.fsproj", "{16FBA94C-CB44-4825-8C90-33326980DF16}"
EndProject
Project("{F2A71F9B-5D33-465A-A702-920D77279786}") = "MouseTest", "MouseTest\MouseTest.fsproj", "{5C19A419-096B-47B8-B0FE-784AED6CD3F7}"
EndProject
Project("{FAE04EC0-301F-11D3-BF4B-00C04F79EFBC}") = "SlideShow2", "SlideShow2\SlideShow2.csproj", "{01D44807-7717-4286-9591-CCA7751C4797}"
EndProject
Project("{F2A71F9B-5D33-465A-A702-920D77279786}") = "PostFlop", "PostFlop\PostFlop.fsproj", "{537D79D1-3AD0-4679-B460-BDF7DEDDEC7F}"
EndProject
Project("{F2A71F9B-5D33-465A-A702-920D77279786}") = "Cards", "Hands\Cards.fsproj", "{A1B0AF49-BE85-4678-8BB2-3BCB46392A9F}"
EndProject
Project("{F2A71F9B-5D33-465A-A702-920D77279786}") = "PostFlopConsole", "PostFlopConsole\PostFlopConsole.fsproj", "{47914F73-E584-4729-914C-9E19C65C0D2D}"
EndProject
Project("{F2A71F9B-5D33-465A-A702-920D77279786}") = "Excel", "Excel\Excel.fsproj", "{9FA0DB48-55AA-47AD-B1F5-933BF8C59F41}"
EndProject
Project("{F2A71F9B-5D33-465A-A702-920D77279786}") = "HandValueConsole", "HandValueConsole\HandValueConsole.fsproj", "{34FC4C95-816A-4DA7-B412-F3126FC2B033}"
EndProject
Global
	GlobalSection(SolutionConfigurationPlatforms) = preSolution
		Debug|Any CPU = Debug|Any CPU
		Release|Any CPU = Release|Any CPU
	EndGlobalSection
	GlobalSection(ProjectConfigurationPlatforms) = postSolution
		{281918A1-713F-4931-8F0B-7557B4CA8534}.Debug|Any CPU.ActiveCfg = Debug|Any CPU
		{281918A1-713F-4931-8F0B-7557B4CA8534}.Debug|Any CPU.Build.0 = Debug|Any CPU
		{281918A1-713F-4931-8F0B-7557B4CA8534}.Release|Any CPU.ActiveCfg = Release|Any CPU
		{281918A1-713F-4931-8F0B-7557B4CA8534}.Release|Any CPU.Build.0 = Release|Any CPU
		{6661717B-C102-41D7-96B9-F691DF74FB3A}.Debug|Any CPU.ActiveCfg = Debug|Any CPU
		{6661717B-C102-41D7-96B9-F691DF74FB3A}.Debug|Any CPU.Build.0 = Debug|Any CPU
		{6661717B-C102-41D7-96B9-F691DF74FB3A}.Release|Any CPU.ActiveCfg = Release|Any CPU
		{6661717B-C102-41D7-96B9-F691DF74FB3A}.Release|Any CPU.Build.0 = Release|Any CPU
		{E9F14821-12CC-409D-97C3-CA8062EBB085}.Debug|Any CPU.ActiveCfg = Debug|Any CPU
		{E9F14821-12CC-409D-97C3-CA8062EBB085}.Debug|Any CPU.Build.0 = Debug|Any CPU
		{E9F14821-12CC-409D-97C3-CA8062EBB085}.Release|Any CPU.ActiveCfg = Release|Any CPU
		{E9F14821-12CC-409D-97C3-CA8062EBB085}.Release|Any CPU.Build.0 = Release|Any CPU
		{B796289F-B004-4AB1-90FF-794BCF13BB07}.Debug|Any CPU.ActiveCfg = Debug|Any CPU
		{B796289F-B004-4AB1-90FF-794BCF13BB07}.Debug|Any CPU.Build.0 = Debug|Any CPU
		{B796289F-B004-4AB1-90FF-794BCF13BB07}.Release|Any CPU.ActiveCfg = Release|Any CPU
		{B796289F-B004-4AB1-90FF-794BCF13BB07}.Release|Any CPU.Build.0 = Release|Any CPU
		{7651FF09-E4B2-4C7E-9008-6092EC5DFA76}.Debug|Any CPU.ActiveCfg = Debug|Any CPU
		{7651FF09-E4B2-4C7E-9008-6092EC5DFA76}.Debug|Any CPU.Build.0 = Debug|Any CPU
		{7651FF09-E4B2-4C7E-9008-6092EC5DFA76}.Release|Any CPU.ActiveCfg = Release|Any CPU
		{7651FF09-E4B2-4C7E-9008-6092EC5DFA76}.Release|Any CPU.Build.0 = Release|Any CPU
		{16FBA94C-CB44-4825-8C90-33326980DF16}.Debug|Any CPU.ActiveCfg = Debug|Any CPU
		{16FBA94C-CB44-4825-8C90-33326980DF16}.Debug|Any CPU.Build.0 = Debug|Any CPU
		{16FBA94C-CB44-4825-8C90-33326980DF16}.Release|Any CPU.ActiveCfg = Release|Any CPU
		{16FBA94C-CB44-4825-8C90-33326980DF16}.Release|Any CPU.Build.0 = Release|Any CPU
		{5C19A419-096B-47B8-B0FE-784AED6CD3F7}.Debug|Any CPU.ActiveCfg = Debug|Any CPU
		{5C19A419-096B-47B8-B0FE-784AED6CD3F7}.Debug|Any CPU.Build.0 = Debug|Any CPU
		{5C19A419-096B-47B8-B0FE-784AED6CD3F7}.Release|Any CPU.ActiveCfg = Release|Any CPU
		{5C19A419-096B-47B8-B0FE-784AED6CD3F7}.Release|Any CPU.Build.0 = Release|Any CPU
		{01D44807-7717-4286-9591-CCA7751C4797}.Debug|Any CPU.ActiveCfg = Debug|Any CPU
		{01D44807-7717-4286-9591-CCA7751C4797}.Debug|Any CPU.Build.0 = Debug|Any CPU
		{01D44807-7717-4286-9591-CCA7751C4797}.Release|Any CPU.ActiveCfg = Release|Any CPU
		{01D44807-7717-4286-9591-CCA7751C4797}.Release|Any CPU.Build.0 = Release|Any CPU
		{537D79D1-3AD0-4679-B460-BDF7DEDDEC7F}.Debug|Any CPU.ActiveCfg = Debug|Any CPU
		{537D79D1-3AD0-4679-B460-BDF7DEDDEC7F}.Debug|Any CPU.Build.0 = Debug|Any CPU
		{537D79D1-3AD0-4679-B460-BDF7DEDDEC7F}.Release|Any CPU.ActiveCfg = Release|Any CPU
		{537D79D1-3AD0-4679-B460-BDF7DEDDEC7F}.Release|Any CPU.Build.0 = Release|Any CPU
		{A1B0AF49-BE85-4678-8BB2-3BCB46392A9F}.Debug|Any CPU.ActiveCfg = Debug|Any CPU
		{A1B0AF49-BE85-4678-8BB2-3BCB46392A9F}.Debug|Any CPU.Build.0 = Debug|Any CPU
		{A1B0AF49-BE85-4678-8BB2-3BCB46392A9F}.Release|Any CPU.ActiveCfg = Release|Any CPU
		{A1B0AF49-BE85-4678-8BB2-3BCB46392A9F}.Release|Any CPU.Build.0 = Release|Any CPU
		{47914F73-E584-4729-914C-9E19C65C0D2D}.Debug|Any CPU.ActiveCfg = Debug|Any CPU
		{47914F73-E584-4729-914C-9E19C65C0D2D}.Debug|Any CPU.Build.0 = Debug|Any CPU
		{47914F73-E584-4729-914C-9E19C65C0D2D}.Release|Any CPU.ActiveCfg = Release|Any CPU
		{47914F73-E584-4729-914C-9E19C65C0D2D}.Release|Any CPU.Build.0 = Release|Any CPU
		{9FA0DB48-55AA-47AD-B1F5-933BF8C59F41}.Debug|Any CPU.ActiveCfg = Debug|Any CPU
		{9FA0DB48-55AA-47AD-B1F5-933BF8C59F41}.Debug|Any CPU.Build.0 = Debug|Any CPU
		{9FA0DB48-55AA-47AD-B1F5-933BF8C59F41}.Release|Any CPU.ActiveCfg = Release|Any CPU
		{9FA0DB48-55AA-47AD-B1F5-933BF8C59F41}.Release|Any CPU.Build.0 = Release|Any CPU
		{34FC4C95-816A-4DA7-B412-F3126FC2B033}.Debug|Any CPU.ActiveCfg = Debug|Any CPU
		{34FC4C95-816A-4DA7-B412-F3126FC2B033}.Debug|Any CPU.Build.0 = Debug|Any CPU
		{34FC4C95-816A-4DA7-B412-F3126FC2B033}.Release|Any CPU.ActiveCfg = Release|Any CPU
		{34FC4C95-816A-4DA7-B412-F3126FC2B033}.Release|Any CPU.Build.0 = Release|Any CPU
	EndGlobalSection
	GlobalSection(SolutionProperties) = preSolution
		HideSolutionNode = FALSE
	EndGlobalSection
EndGlobal
