
Microsoft Visual Studio Solution File, Format Version 12.00
# Visual Studio 14
VisualStudioVersion = 14.0.24720.0
MinimumVisualStudioVersion = 10.0.40219.1
Project("{F2A71F9B-5D33-465A-A702-920D77279786}") = "PokerConsole", "PokerConsole\PokerConsole.fsproj", "{281918A1-713F-4931-8F0B-7557B4CA8534}"
EndProject
Project("{FAE04EC0-301F-11D3-BF4B-00C04F79EFBC}") = "Watcher", "Watcher\Watcher.csproj", "{6661717B-C102-41D7-96B9-F691DF74FB3A}"
EndProject
Project("{FAE04EC0-301F-11D3-BF4B-00C04F79EFBC}") = "Interaction", "Interaction\Interaction.csproj", "{E9F14821-12CC-409D-97C3-CA8062EBB085}"
EndProject
Project("{F2A71F9B-5D33-465A-A702-920D77279786}") = "Recognition", "Recognition\Recognition.fsproj", "{B796289F-B004-4AB1-90FF-794BCF13BB07}"
EndProject
Global
	GlobalSection(SolutionConfigurationPlatforms) = preSolution
		Debug|Any CPU = Debug|Any CPU
		Release|Any CPU = Release|Any CPU
	EndGlobalSection
	GlobalSection(ProjectConfigurationPlatforms) = postSolution
		{281918A1-713F-4931-8F0B-7557B4CA8534}.Debug|Any CPU.ActiveCfg = Debug|Any CPU
		{281918A1-713F-4931-8F0B-7557B4CA8534}.Debug|Any CPU.Build.0 = Debug|Any CPU
		{281918A1-713F-4931-8F0B-7557B4CA8534}.Release|Any CPU.ActiveCfg = Release|Any CPU
		{281918A1-713F-4931-8F0B-7557B4CA8534}.Release|Any CPU.Build.0 = Release|Any CPU
		{6661717B-C102-41D7-96B9-F691DF74FB3A}.Debug|Any CPU.ActiveCfg = Debug|Any CPU
		{6661717B-C102-41D7-96B9-F691DF74FB3A}.Debug|Any CPU.Build.0 = Debug|Any CPU
		{6661717B-C102-41D7-96B9-F691DF74FB3A}.Release|Any CPU.ActiveCfg = Release|Any CPU
		{6661717B-C102-41D7-96B9-F691DF74FB3A}.Release|Any CPU.Build.0 = Release|Any CPU
		{E9F14821-12CC-409D-97C3-CA8062EBB085}.Debug|Any CPU.ActiveCfg = Debug|Any CPU
		{E9F14821-12CC-409D-97C3-CA8062EBB085}.Debug|Any CPU.Build.0 = Debug|Any CPU
		{E9F14821-12CC-409D-97C3-CA8062EBB085}.Release|Any CPU.ActiveCfg = Release|Any CPU
		{E9F14821-12CC-409D-97C3-CA8062EBB085}.Release|Any CPU.Build.0 = Release|Any CPU
		{B796289F-B004-4AB1-90FF-794BCF13BB07}.Debug|Any CPU.ActiveCfg = Debug|Any CPU
		{B796289F-B004-4AB1-90FF-794BCF13BB07}.Debug|Any CPU.Build.0 = Debug|Any CPU
		{B796289F-B004-4AB1-90FF-794BCF13BB07}.Release|Any CPU.ActiveCfg = Release|Any CPU
		{B796289F-B004-4AB1-90FF-794BCF13BB07}.Release|Any CPU.Build.0 = Release|Any CPU
	EndGlobalSection
	GlobalSection(SolutionProperties) = preSolution
		HideSolutionNode = FALSE
	EndGlobalSection
EndGlobal
